{
  "name": "sortir-app",
  "version": "1.0.0",
  "lockfileVersion": 2,
  "requires": true,
  "packages": {
    "": {
      "name": "sortir-app",
      "version": "1.0.0",
      "dependencies": {
        "body-parser": "^1.20.2",
        "express": "^4.18.2",
        "express-fileupload": "^1.4.0",
        "express-session": "^1.17.3",
        "fs-extra": "^11.2.0",
        "nodemailer": "^6.9.13",
        "uuid": "^9.0.1"
      }
    }
  },
  "dependencies": {
    "body-parser": {
      "version": "1.20.2",
      "resolved": "https://registry.npmjs.org/body-parser/-/body-parser-1.20.2.tgz",
      "integrity": "sha512-dQZ+PI5z/r0DVCWpz4VefZyf0UP/H2I9tvvTjNcHe4I8zXQhYyrmOg8MQeuBF6SPjNHjm3HV9OVwdqae8NqCZA=="
    },
    "express": {
      "version": "4.18.2",
      "resolved": "https://registry.npmjs.org/express/-/express-4.18.2.tgz",
      "integrity": "sha512-5/PsLefHcdSjKwLIXTJYZiqc7bFHeL2D8rxrCeQ2ucLv5ML4aAgFME+E3t9TndSRIhG32SO82Yf3rCQRWsf9og=="
    },
    "express-fileupload": {
      "version": "1.4.0",
      "resolved": "https://registry.npmjs.org/express-fileupload/-/express-fileupload-1.4.0.tgz",
      "integrity": "sha512-hrTnGHnDq5OiBT5Y5FrZ1MzxlS77cgMSayqODADnb/Di41GM4boEx27drgiy43VaonbXEFW9YeJabWUp4gZTwA=="
    },
    "express-session": {
      "version": "1.17.3",
      "resolved": "https://registry.npmjs.org/express-session/-/express-session-1.17.3.tgz",
      "integrity": "sha512-YbA5pNl4ulSkaNnEZKcU5gAqp+rF6L8JcFz1gUoMHu9ybY6QgA5a3xU3g08VGnniImzIMvmKzXsFM08E12FUtQ=="
    },
    "fs-extra": {
      "version": "11.2.0",
      "resolved": "https://registry.npmjs.org/fs-extra/-/fs-extra-11.2.0.tgz",
      "integrity": "sha512-RQ1a+KZ3YO0QQxzmsDkQ7PhLBrfT1ZxCIK65Ecyfdk9nUVMSkpV7idV9fHUTDXjGO3UdSRFsmRrV2KrX7fXbfQ=="
    },
    "nodemailer": {
      "version": "6.9.13",
      "resolved": "https://registry.npmjs.org/nodemailer/-/nodemailer-6.9.13.tgz",
      "integrity": "sha512-lM2sklv3gOTmA1M4Mxb+ZwZzq3lg39R/cTjKAGZKwYbWg5E3bMZ0YX0p33ikzIlzJHXqDNp1uOwaJv6OTiIkKQ=="
    },
    "uuid": {
      "version": "9.0.1",
      "resolved": "https://registry.npmjs.org/uuid/-/uuid-9.0.1.tgz",
      "integrity": "sha512-o/kRkUGhwS+wC3p6ycuTx4I7MdGZ1E0y6Ij1MX0hK2xK1E+rF2TyB50DBZ5APrHRH2sL2S04XBy/3j7Kzb6Bhg=="
    }
  }
}
